
Microsoft Visual Studio Solution File, Format Version 12.00
# Visual Studio Version 16
VisualStudioVersion = 16.0.29215.179
MinimumVisualStudioVersion = 10.0.40219.1
Project("{9A19103F-16F7-4668-BE54-9A1E7A4F7556}") = "ListOfUSAPresidents", "ListOfUSAPresidents\ListOfUSAPresidents.csproj", "{CFDE1A2E-07D5-4BCB-92BB-7753081CC706}"
EndProject
Project("{9A19103F-16F7-4668-BE54-9A1E7A4F7556}") = "LogicTesting", "LogicTesting\LogicTesting.csproj", "{B5095228-FFC8-4507-818E-33472B467893}"
EndProject
Project("{FAE04EC0-301F-11D3-BF4B-00C04F79EFBC}") = "StubTest", "StubTest\StubTest.csproj", "{938ACA09-FB0E-4077-8C43-70C24CFB043B}"
EndProject
Global
	GlobalSection(SolutionConfigurationPlatforms) = preSolution
		Debug|Any CPU = Debug|Any CPU
		Release|Any CPU = Release|Any CPU
	EndGlobalSection
	GlobalSection(ProjectConfigurationPlatforms) = postSolution
		{CFDE1A2E-07D5-4BCB-92BB-7753081CC706}.Debug|Any CPU.ActiveCfg = Debug|Any CPU
		{CFDE1A2E-07D5-4BCB-92BB-7753081CC706}.Debug|Any CPU.Build.0 = Debug|Any CPU
		{CFDE1A2E-07D5-4BCB-92BB-7753081CC706}.Release|Any CPU.ActiveCfg = Release|Any CPU
		{CFDE1A2E-07D5-4BCB-92BB-7753081CC706}.Release|Any CPU.Build.0 = Release|Any CPU
		{B5095228-FFC8-4507-818E-33472B467893}.Debug|Any CPU.ActiveCfg = Debug|Any CPU
		{B5095228-FFC8-4507-818E-33472B467893}.Debug|Any CPU.Build.0 = Debug|Any CPU
		{B5095228-FFC8-4507-818E-33472B467893}.Release|Any CPU.ActiveCfg = Release|Any CPU
		{B5095228-FFC8-4507-818E-33472B467893}.Release|Any CPU.Build.0 = Release|Any CPU
		{938ACA09-FB0E-4077-8C43-70C24CFB043B}.Debug|Any CPU.ActiveCfg = Debug|Any CPU
		{938ACA09-FB0E-4077-8C43-70C24CFB043B}.Debug|Any CPU.Build.0 = Debug|Any CPU
		{938ACA09-FB0E-4077-8C43-70C24CFB043B}.Release|Any CPU.ActiveCfg = Release|Any CPU
		{938ACA09-FB0E-4077-8C43-70C24CFB043B}.Release|Any CPU.Build.0 = Release|Any CPU
	EndGlobalSection
	GlobalSection(SolutionProperties) = preSolution
		HideSolutionNode = FALSE
	EndGlobalSection
	GlobalSection(ExtensibilityGlobals) = postSolution
		SolutionGuid = {89BEFDFD-EEEB-4B0C-9967-256A3E352CD9}
	EndGlobalSection
EndGlobal
